
Microsoft Visual Studio Solution File, Format Version 12.00
# Visual Studio Version 17
VisualStudioVersion = 17.14.36017.23
MinimumVisualStudioVersion = 10.0.40219.1
Project("{2150E333-8FDC-42A3-9474-1A3956D46DE8}") = "1-Presentation", "1-Presentation", "{02EA681E-C7D8-13C7-8484-4AC65E1B71E8}"
EndProject
Project("{2150E333-8FDC-42A3-9474-1A3956D46DE8}") = "2-Application", "2-Application", "{1A1BDE88-E724-4C0E-BC8D-BA771AA3861D}"
EndProject
Project("{2150E333-8FDC-42A3-9474-1A3956D46DE8}") = "3-Domain", "3-Domain", "{719D5C82-A3BD-4BEF-B914-B2DABD1D613A}"
EndProject
Project("{2150E333-8FDC-42A3-9474-1A3956D46DE8}") = "4-Infra", "4-Infra", "{25B15F8C-7073-4F99-B62A-B86A3590C4D1}"
EndProject
Project("{9A19103F-16F7-4668-BE54-9A1E7A4F7556}") = "Vandic.MudBlazorServer", "1-Presentation\Vandic.MudBlazorServer\Vandic.MudBlazorServer.csproj", "{DB1D9F6F-67F7-ECFC-99B3-F82F458746FE}"
EndProject
Project("{2150E333-8FDC-42A3-9474-1A3956D46DE8}") = "Itens de Solução", "Itens de Solução", "{380A7511-A354-6D7A-0CC0-8FA1F1BA7B6C}"
	ProjectSection(SolutionItems) = preProject
		..\.gitignore = ..\.gitignore
		..\LICENSE = ..\LICENSE
		..\README.md = ..\README.md
	EndProjectSection
EndProject
Project("{9A19103F-16F7-4668-BE54-9A1E7A4F7556}") = "Vandic.Domain", "3-Domain\Vandic.Domain\Vandic.Domain.csproj", "{9B05D003-58E2-4C51-8BEC-E756721BF943}"
EndProject
Project("{2150E333-8FDC-42A3-9474-1A3956D46DE8}") = "Data", "Data", "{227744D4-F85C-41E5-9E8F-BF0B8E0E4DEE}"
EndProject
Project("{2150E333-8FDC-42A3-9474-1A3956D46DE8}") = "Services", "Services", "{4DA43BB6-FF35-423A-91C2-A96E1A88AD87}"
EndProject
Project("{2150E333-8FDC-42A3-9474-1A3956D46DE8}") = "CrossCutting", "CrossCutting", "{4A294B55-D201-40F2-BDE0-F197451733CB}"
EndProject
Project("{9A19103F-16F7-4668-BE54-9A1E7A4F7556}") = "Vandic.Api", "1-Presentation\Vandic.Api\Vandic.Api.csproj", "{B6B4EB16-7D30-4797-99B2-59CBE100D348}"
EndProject
Project("{9A19103F-16F7-4668-BE54-9A1E7A4F7556}") = "Vandic.CrossCutting.Resources", "4-Infra\CrossCutting\Vandic.CrossCutting.Resources\Vandic.CrossCutting.Resources.csproj", "{7DF979E8-967D-4DED-AC95-B454B910615F}"
EndProject
Project("{9A19103F-16F7-4668-BE54-9A1E7A4F7556}") = "Vandic.Data.EfCore", "4-Infra\Data\Vandic.Data.EfCore\Vandic.Data.EfCore.csproj", "{6D99C760-F6A1-407E-A8EE-F73361B08FEB}"
EndProject
Project("{FAE04EC0-301F-11D3-BF4B-00C04F79EFBC}") = "Vandic.Application", "2-Application\Vandic.Application\Vandic.Application.csproj", "{433D26FE-6617-4A88-B820-977EAE0A4B91}"
EndProject
Project("{FAE04EC0-301F-11D3-BF4B-00C04F79EFBC}") = "Vandic.CrossCutting.Meditor", "4-Infra\CrossCutting\Vandic.CrossCutting.Meditor\Vandic.CrossCutting.Meditor.csproj", "{031642BD-CBE2-48D2-BF0C-ACA05D3B0D78}"
EndProject
Project("{FAE04EC0-301F-11D3-BF4B-00C04F79EFBC}") = "Vandic.Test", "..\tests\Vandic.Test\Vandic.Test.csproj", "{A083C658-CE5A-4FD5-B601-19867417A20A}"
EndProject
Project("{2150E333-8FDC-42A3-9474-1A3956D46DE8}") = "5- Tests", "5- Tests", "{5ED8E308-A87D-4EC6-9E0A-4C20A9946A24}"
EndProject
Global
	GlobalSection(SolutionConfigurationPlatforms) = preSolution
		Debug|Any CPU = Debug|Any CPU
		Release|Any CPU = Release|Any CPU
	EndGlobalSection
	GlobalSection(ProjectConfigurationPlatforms) = postSolution
		{DB1D9F6F-67F7-ECFC-99B3-F82F458746FE}.Debug|Any CPU.ActiveCfg = Debug|Any CPU
		{DB1D9F6F-67F7-ECFC-99B3-F82F458746FE}.Debug|Any CPU.Build.0 = Debug|Any CPU
		{DB1D9F6F-67F7-ECFC-99B3-F82F458746FE}.Release|Any CPU.ActiveCfg = Release|Any CPU
		{DB1D9F6F-67F7-ECFC-99B3-F82F458746FE}.Release|Any CPU.Build.0 = Release|Any CPU
		{9B05D003-58E2-4C51-8BEC-E756721BF943}.Debug|Any CPU.ActiveCfg = Debug|Any CPU
		{9B05D003-58E2-4C51-8BEC-E756721BF943}.Debug|Any CPU.Build.0 = Debug|Any CPU
		{9B05D003-58E2-4C51-8BEC-E756721BF943}.Release|Any CPU.ActiveCfg = Release|Any CPU
		{9B05D003-58E2-4C51-8BEC-E756721BF943}.Release|Any CPU.Build.0 = Release|Any CPU
		{B6B4EB16-7D30-4797-99B2-59CBE100D348}.Debug|Any CPU.ActiveCfg = Debug|Any CPU
		{B6B4EB16-7D30-4797-99B2-59CBE100D348}.Debug|Any CPU.Build.0 = Debug|Any CPU
		{B6B4EB16-7D30-4797-99B2-59CBE100D348}.Release|Any CPU.ActiveCfg = Release|Any CPU
		{B6B4EB16-7D30-4797-99B2-59CBE100D348}.Release|Any CPU.Build.0 = Release|Any CPU
		{7DF979E8-967D-4DED-AC95-B454B910615F}.Debug|Any CPU.ActiveCfg = Debug|Any CPU
		{7DF979E8-967D-4DED-AC95-B454B910615F}.Debug|Any CPU.Build.0 = Debug|Any CPU
		{7DF979E8-967D-4DED-AC95-B454B910615F}.Release|Any CPU.ActiveCfg = Release|Any CPU
		{7DF979E8-967D-4DED-AC95-B454B910615F}.Release|Any CPU.Build.0 = Release|Any CPU
		{6D99C760-F6A1-407E-A8EE-F73361B08FEB}.Debug|Any CPU.ActiveCfg = Debug|Any CPU
		{6D99C760-F6A1-407E-A8EE-F73361B08FEB}.Debug|Any CPU.Build.0 = Debug|Any CPU
		{6D99C760-F6A1-407E-A8EE-F73361B08FEB}.Release|Any CPU.ActiveCfg = Release|Any CPU
		{6D99C760-F6A1-407E-A8EE-F73361B08FEB}.Release|Any CPU.Build.0 = Release|Any CPU
		{433D26FE-6617-4A88-B820-977EAE0A4B91}.Debug|Any CPU.ActiveCfg = Debug|Any CPU
		{433D26FE-6617-4A88-B820-977EAE0A4B91}.Debug|Any CPU.Build.0 = Debug|Any CPU
		{433D26FE-6617-4A88-B820-977EAE0A4B91}.Release|Any CPU.ActiveCfg = Release|Any CPU
		{433D26FE-6617-4A88-B820-977EAE0A4B91}.Release|Any CPU.Build.0 = Release|Any CPU
		{031642BD-CBE2-48D2-BF0C-ACA05D3B0D78}.Debug|Any CPU.ActiveCfg = Debug|Any CPU
		{031642BD-CBE2-48D2-BF0C-ACA05D3B0D78}.Debug|Any CPU.Build.0 = Debug|Any CPU
		{031642BD-CBE2-48D2-BF0C-ACA05D3B0D78}.Release|Any CPU.ActiveCfg = Release|Any CPU
		{031642BD-CBE2-48D2-BF0C-ACA05D3B0D78}.Release|Any CPU.Build.0 = Release|Any CPU
		{A083C658-CE5A-4FD5-B601-19867417A20A}.Debug|Any CPU.ActiveCfg = Debug|Any CPU
		{A083C658-CE5A-4FD5-B601-19867417A20A}.Debug|Any CPU.Build.0 = Debug|Any CPU
		{A083C658-CE5A-4FD5-B601-19867417A20A}.Release|Any CPU.ActiveCfg = Release|Any CPU
		{A083C658-CE5A-4FD5-B601-19867417A20A}.Release|Any CPU.Build.0 = Release|Any CPU
	EndGlobalSection
	GlobalSection(SolutionProperties) = preSolution
		HideSolutionNode = FALSE
	EndGlobalSection
	GlobalSection(NestedProjects) = preSolution
		{DB1D9F6F-67F7-ECFC-99B3-F82F458746FE} = {02EA681E-C7D8-13C7-8484-4AC65E1B71E8}
		{9B05D003-58E2-4C51-8BEC-E756721BF943} = {719D5C82-A3BD-4BEF-B914-B2DABD1D613A}
		{227744D4-F85C-41E5-9E8F-BF0B8E0E4DEE} = {25B15F8C-7073-4F99-B62A-B86A3590C4D1}
		{4DA43BB6-FF35-423A-91C2-A96E1A88AD87} = {25B15F8C-7073-4F99-B62A-B86A3590C4D1}
		{4A294B55-D201-40F2-BDE0-F197451733CB} = {25B15F8C-7073-4F99-B62A-B86A3590C4D1}
		{B6B4EB16-7D30-4797-99B2-59CBE100D348} = {02EA681E-C7D8-13C7-8484-4AC65E1B71E8}
		{7DF979E8-967D-4DED-AC95-B454B910615F} = {4A294B55-D201-40F2-BDE0-F197451733CB}
		{6D99C760-F6A1-407E-A8EE-F73361B08FEB} = {227744D4-F85C-41E5-9E8F-BF0B8E0E4DEE}
		{433D26FE-6617-4A88-B820-977EAE0A4B91} = {1A1BDE88-E724-4C0E-BC8D-BA771AA3861D}
		{031642BD-CBE2-48D2-BF0C-ACA05D3B0D78} = {4A294B55-D201-40F2-BDE0-F197451733CB}
		{A083C658-CE5A-4FD5-B601-19867417A20A} = {5ED8E308-A87D-4EC6-9E0A-4C20A9946A24}
	EndGlobalSection
	GlobalSection(ExtensibilityGlobals) = postSolution
		SolutionGuid = {F2E88338-CCB9-4E2B-A003-EF40D3451B74}
	EndGlobalSection
EndGlobal
